<?xml version="1.0" encoding="utf-8"?>
<Project ToolsVersion="4.0" xmlns="http://schemas.microsoft.com/developer/msbuild/2003">
  <ItemGroup>
    <ClCompile Include="Source\Systems\AISystem.cpp" />
    <ClCompile Include="Source\ImGuiPlayerLayer.cpp" />
    <ClCompile Include="Source\Core\CharacterEntity.cpp" />
    <ClCompile Include="Main.cpp" />
    <ClCompile Include="Source\ImGuiDebugLayer.cpp" />
    <ClCompile Include="Source\Inventory\Inventory.cpp" />
    <ClCompile Include="Source\Inventory\InventorySystem.cpp" />
    <ClCompile Include="Source\Inventory\InventoryEntity.cpp" />
    <ClCompile Include="Source\Items\ItemDatabase.cpp" />
    <ClCompile Include="Source\Player\PlayerEntity.cpp" />
    <ClCompile Include="Source\Systems\PlayerSystem.cpp" />
    <ClCompile Include="Source\UI\DeathMenu.cpp" />
    <ClCompile Include="Source\UI\PlayerHealthUI.cpp" />
    <ClCompile Include="Source\Core\WorldEntity.cpp" />
    <ClCompile Include="Source\Combat\CombatCalculations.cpp" />
    <ClCompile Include="Source\Core\ResourceEntity.cpp" />
    <ClCompile Include="Source\PCG\EnvironmentGeneration.cpp" />
    <ClCompile Include="Source\WorldEntities\ResourceDatabase.cpp" />
    <ClCompile Include="Source\AI\Behaviours\AIFleeingBehaviour.cpp" />
    <ClCompile Include="Source\AI\Enemies\AISlimeEntity.cpp" />
    <ClCompile Include="Source\WorldEntities\EntitySpawnerSystem.cpp" />
    <ClCompile Include="Source\Items\CraftingRecipeDatabase.cpp" />
    <ClCompile Include="Source\Items\CraftingRecipe.cpp" />
    <ClCompile Include="Source\WorldEntities\BackgroundMusicEntity.cpp" />
    <ClCompile Include="Source\WorldEntities\PortalEntity.cpp" />
    <ClCompile Include="Source\AI\Enemies\AIBunnyEntity.cpp" />
    <ClCompile Include="Source\AI\Enemies\AIBearEntity.cpp" />
    <ClCompile Include="Source\AI\Enemies\AISnowBearEntity.cpp" />
    <ClCompile Include="Source\AI\Enemies\AISnowBunnyEntity.cpp" />
  </ItemGroup>
  <ItemGroup>
    <ClCompile Include="Source\Core\AIEntity.cpp" />
    <ClCompile Include="Source\AI\AIStateBehaviour.cpp" />
    <ClCompile Include="Source\AI\Enemies\AICrocodileEntity.cpp" />
    <ClCompile Include="Source\AI\Enemies\AIDeerEntity.cpp" />
    <ClCompile Include="Source\AI\Behaviours\AIWanderBehaviour.cpp" />
    <ClCompile Include="Source\AI\Transitions\AITransitionBehaviour.cpp" />
    <ClCompile Include="Source\AI\Behaviours\AIAttackingBehaviour.cpp" />
    <ClInclude Include="Source\Core\ResourceEntity.h" />
    <ClInclude Include="Source\PCG\EnvironmentGeneration.h" />
    <ClInclude Include="Source\WorldEntities\ResourceDatabase.h" />
    <ClInclude Include="Source\CoreComponents\ResourceComponent.h" />
    <ClInclude Include="Source\AI\Behaviours\AIFleeingBehaviour.h" />
    <ClInclude Include="Source\Events\GameEvents.h" />
    <ClInclude Include="Source\AI\Enemies\AISlimeEntity.h" />
    <ClInclude Include="Source\WorldEntities\EntitySpawner.h" />
    <ClInclude Include="Source\WorldEntities\EntitySpawnerComponent.h" />
    <ClInclude Include="Source\WorldEntities\EntitySpawnerSystem.h" />
    <ClInclude Include="Source\Items\CraftingRecipeDatabase.h" />
    <ClInclude Include="Source\Items\CraftingRecipe.h" />
  </ItemGroup>
  <ItemGroup>
    <ClInclude Include="Source\Systems\AISystem.h" />
    <ClInclude Include="Source\CoreComponents\AIComponent.h" />
    <ClCompile Include="Source\UI\MainMenuUI.cpp" />
    <ClCompile Include="Source\PCG\BiomeGeneration.cpp" />
    <ClCompile Include="Source\PCG\Noise.cpp" />
    <ClInclude Include="Source\WorldEntities\BackgroundMusicEntity.h" />
    <ClInclude Include="Source\PCG\PCGEvents.h" />
    <ClInclude Include="Source\WorldEntities\PortalEntity.h" />
    <ClInclude Include="Source\AI\Enemies\AIBunnyEntity.h" />
    <ClInclude Include="Source\AI\Enemies\AIBearEntity.h" />
    <ClInclude Include="Source\AI\Enemies\AISnowBearEntity.h" />
    <ClInclude Include="Source\AI\Enemies\AISnowBunnyEntity.h" />
  </ItemGroup>
  <ItemGroup>
    <ClInclude Include="Source\Core\Layers.h" />
    <ClInclude Include="Source\Events\PlayerEvents.h" />
    <ClInclude Include="Source\ImGuiPlayerLayer.h" />
    <ClInclude Include="Source\Core\CharacterEntity.h" />
    <ClInclude Include="Source\Events\InputEvents.h" />
    <ClInclude Include="Source\ImGuiDebugLayer.h" />
    <ClInclude Include="Source\Inventory\Inventory.h" />
    <ClInclude Include="Source\Inventory\InventoryComponents.h" />
    <ClInclude Include="Source\Inventory\InventoryEvents.h" />
    <ClInclude Include="Source\Inventory\InventoryFunctionsGlobal.h" />
    <ClInclude Include="Source\Inventory\InventorySystem.h" />
    <ClInclude Include="Source\Inventory\InventoryEntity.h" />
    <ClInclude Include="Source\Items\ItemDatabase.h" />
    <ClInclude Include="Source\Player\PlayerEntity.h" />
    <ClInclude Include="Source\CoreComponents\HealthComponent.h" />
    <ClInclude Include="Source\CoreComponents\HungerComponent.h" />
    <ClInclude Include="Source\Player\PlayerComponent.h" />
    <ClInclude Include="Source\Systems\PlayerSystem.h" />
    <ClInclude Include="Source\UI\DeathMenu.h" />
    <ClInclude Include="Source\UI\PlayerHealthUI.h" />
    <ClInclude Include="Source\Core\WorldEntity.h" />
    <ClInclude Include="Source\Combat\CombatCalculations.h" />
    <ClInclude Include="Source\Core\AIEntity.h" />
    <ClInclude Include="Source\AI\AIStateBehaviour.h" />
    <ClInclude Include="Source\AI\AISpawner.h" />
    <ClInclude Include="Source\AI\Enemies\AICrocodileEntity.h" />
    <ClInclude Include="Source\AI\Enemies\AIDeerEntity.h" />
    <ClInclude Include="Source\AI\AIBehaviourComponent.h" />
    <ClInclude Include="Source\AI\Behaviours\AIWanderBehaviour.h" />
    <ClInclude Include="Source\AI\Transitions\AITransitionBehaviour.h" />
    <ClInclude Include="Source\AI\Behaviours\AIAttackingBehaviour.h" />
    <ClInclude Include="Source\UI\MainMenuUI.h" />
    <ClInclude Include="Source\PCG\BiomeGeneration.h" />
    <ClInclude Include="Source\PCG\Noise.h" />
    <ClInclude Include="Source\PCG\BiomeInfo.h" />
  </ItemGroup>
  <ItemGroup>
    <Image Include="Assets\Sprites\ObjectSprites\Tree.png" />
  </ItemGroup>
</Project>