<?xml version="1.0" encoding="utf-8"?>
<Project ToolsVersion="4.0" xmlns="http://schemas.microsoft.com/developer/msbuild/2003">
  <ItemGroup>
    <ClCompile Include="Source\ImGuiPlayerLayer.cpp" />
    <ClCompile Include="Source\Core\CharacterEntity.cpp" />
    <ClCompile Include="Main.cpp" />
    <ClCompile Include="Source\ImGuiDebugLayer.cpp" />
    <ClCompile Include="Source\Inventory\Inventory.cpp" />
    <ClCompile Include="Source\Inventory\InventoryManager.cpp" />
    <ClCompile Include="Source\Inventory\InventoryWrapper.cpp" />
    <ClCompile Include="Source\Items\ItemDatabase.cpp" />
    <ClCompile Include="Source\Player\PlayerEntity.cpp" />
    <ClCompile Include="Source\Systems\PlayerSystem.cpp" />
    <ClCompile Include="Source\UI\DeathMenu.cpp" />
    <ClCompile Include="Source\UI\PlayerHealthUI.cpp" />
    <ClCompile Include="Source\Core\WorldEntity.cpp" />
    <ClCompile Include="Source\UI\MainMenuUI.cpp" />
    <ClCompile Include="IslandGeneration.cpp" />
    <ClCompile Include="Source\PCG\BiomeGeneration.cpp" />
    <ClCompile Include="Source\PCG\Noise.cpp" />
    <ClCompile Include="EnvironmentGeneration.cpp" />
  </ItemGroup>
  <ItemGroup>
    <ClInclude Include="Source\Core\Layers.h" />
    <ClInclude Include="Source\Events\PlayerEvents.h" />
    <ClInclude Include="Source\ImGuiPlayerLayer.h" />
    <ClInclude Include="Source\Core\CharacterEntity.h" />
    <ClInclude Include="Source\Events\InputEvents.h" />
    <ClInclude Include="Source\ImGuiDebugLayer.h" />
    <ClInclude Include="Source\Inventory\Inventory.h" />
    <ClInclude Include="Source\Inventory\InventoryComponents.h" />
    <ClInclude Include="Source\Inventory\InventoryEvents.h" />
    <ClInclude Include="Source\Inventory\InventoryFunctionsGlobal.h" />
    <ClInclude Include="Source\Inventory\InventoryManager.h" />
    <ClInclude Include="Source\Inventory\InventoryWrapper.h" />
    <ClInclude Include="Source\Items\ItemDatabase.h" />
    <ClInclude Include="Source\Player\PlayerEntity.h" />
    <ClInclude Include="Source\CoreComponents\HealthComponent.h" />
    <ClInclude Include="Source\CoreComponents\HungerComponent.h" />
    <ClInclude Include="Source\Player\PlayerComponent.h" />
    <ClInclude Include="Source\Systems\PlayerSystem.h" />
    <ClInclude Include="Source\UI\DeathMenu.h" />
    <ClInclude Include="Source\UI\PlayerHealthUI.h" />
    <ClInclude Include="Source\Core\WorldEntity.h" />
    <ClInclude Include="Source\UI\MainMenuUI.h" />
    <ClInclude Include="IslandGeneration.h" />
    <ClInclude Include="Source\PCG\BiomeGeneration.h" />
    <ClInclude Include="Source\PCG\Biomes.h" />
    <ClInclude Include="Source\PCG\Noise.h" />
    <ClInclude Include="Source\PCG\BiomeInfo.h" />
    <ClInclude Include="EnvironmentGeneration.h" />
  </ItemGroup>
</Project>