
Microsoft Visual Studio Solution File, Format Version 12.00
# Visual Studio Version 16
VisualStudioVersion = 16.0.30523.141
MinimumVisualStudioVersion = 10.0.40219.1
Project("{8BC9CEB8-8B4A-11D0-8D11-00A0C91BC942}") = "FirelightEngine", "FirelightEngine\FirelightEngine.vcxproj", "{EA744FDE-6588-4AA7-94BA-318D00E409DC}"
EndProject
Project("{8BC9CEB8-8B4A-11D0-8D11-00A0C91BC942}") = "TestGame", "TestGame\TestGame.vcxproj", "{34DA1907-BBBA-4E21-BE04-DBB7B1955E2B}"
EndProject
Project("{8BC9CEB8-8B4A-11D0-8D11-00A0C91BC942}") = "UnitTests", "UnitTests\UnitTests.vcxproj", "{7BEEAED5-5634-438A-8740-C10B167A7723}"
EndProject
Project("{8BC9CEB8-8B4A-11D0-8D11-00A0C91BC942}") = "FirelightEditor", "FirelightEditor\FirelightEditor.vcxproj", "{0D156AFD-42BF-4BF0-9787-9EBB6BF8E034}"
EndProject
Project("{8BC9CEB8-8B4A-11D0-8D11-00A0C91BC942}") = "SnowfallEngine", "SnowfallEngine\SnowfallEngine.vcxproj", "{2E6E55DF-89AD-461D-8ACC-B73399320C31}"
EndProject
Global
	GlobalSection(SolutionConfigurationPlatforms) = preSolution
		Debug|x64 = Debug|x64
		Debug|x86 = Debug|x86
		Profile|x64 = Profile|x64
		Profile|x86 = Profile|x86
		Release|x64 = Release|x64
		Release|x86 = Release|x86
	EndGlobalSection
	GlobalSection(ProjectConfigurationPlatforms) = postSolution
		{EA744FDE-6588-4AA7-94BA-318D00E409DC}.Debug|x64.ActiveCfg = Debug|x64
		{EA744FDE-6588-4AA7-94BA-318D00E409DC}.Debug|x64.Build.0 = Debug|x64
		{EA744FDE-6588-4AA7-94BA-318D00E409DC}.Debug|x86.ActiveCfg = Debug|Win32
		{EA744FDE-6588-4AA7-94BA-318D00E409DC}.Debug|x86.Build.0 = Debug|Win32
		{EA744FDE-6588-4AA7-94BA-318D00E409DC}.Profile|x64.ActiveCfg = Profile|x64
		{EA744FDE-6588-4AA7-94BA-318D00E409DC}.Profile|x64.Build.0 = Profile|x64
		{EA744FDE-6588-4AA7-94BA-318D00E409DC}.Profile|x86.ActiveCfg = Profile|Win32
		{EA744FDE-6588-4AA7-94BA-318D00E409DC}.Profile|x86.Build.0 = Profile|Win32
		{EA744FDE-6588-4AA7-94BA-318D00E409DC}.Release|x64.ActiveCfg = Release|x64
		{EA744FDE-6588-4AA7-94BA-318D00E409DC}.Release|x64.Build.0 = Release|x64
		{EA744FDE-6588-4AA7-94BA-318D00E409DC}.Release|x86.ActiveCfg = Release|Win32
		{EA744FDE-6588-4AA7-94BA-318D00E409DC}.Release|x86.Build.0 = Release|Win32
		{34DA1907-BBBA-4E21-BE04-DBB7B1955E2B}.Debug|x64.ActiveCfg = Debug|x64
		{34DA1907-BBBA-4E21-BE04-DBB7B1955E2B}.Debug|x64.Build.0 = Debug|x64
		{34DA1907-BBBA-4E21-BE04-DBB7B1955E2B}.Debug|x86.ActiveCfg = Debug|Win32
		{34DA1907-BBBA-4E21-BE04-DBB7B1955E2B}.Debug|x86.Build.0 = Debug|Win32
		{34DA1907-BBBA-4E21-BE04-DBB7B1955E2B}.Profile|x64.ActiveCfg = Debug|x64
		{34DA1907-BBBA-4E21-BE04-DBB7B1955E2B}.Profile|x64.Build.0 = Debug|x64
		{34DA1907-BBBA-4E21-BE04-DBB7B1955E2B}.Profile|x86.ActiveCfg = Debug|Win32
		{34DA1907-BBBA-4E21-BE04-DBB7B1955E2B}.Profile|x86.Build.0 = Debug|Win32
		{34DA1907-BBBA-4E21-BE04-DBB7B1955E2B}.Release|x64.ActiveCfg = Release|x64
		{34DA1907-BBBA-4E21-BE04-DBB7B1955E2B}.Release|x64.Build.0 = Release|x64
		{34DA1907-BBBA-4E21-BE04-DBB7B1955E2B}.Release|x86.ActiveCfg = Release|Win32
		{34DA1907-BBBA-4E21-BE04-DBB7B1955E2B}.Release|x86.Build.0 = Release|Win32
		{7BEEAED5-5634-438A-8740-C10B167A7723}.Debug|x64.ActiveCfg = Debug|x64
		{7BEEAED5-5634-438A-8740-C10B167A7723}.Debug|x64.Build.0 = Debug|x64
		{7BEEAED5-5634-438A-8740-C10B167A7723}.Debug|x86.ActiveCfg = Debug|Win32
		{7BEEAED5-5634-438A-8740-C10B167A7723}.Debug|x86.Build.0 = Debug|Win32
		{7BEEAED5-5634-438A-8740-C10B167A7723}.Profile|x64.ActiveCfg = Debug|x64
		{7BEEAED5-5634-438A-8740-C10B167A7723}.Profile|x64.Build.0 = Debug|x64
		{7BEEAED5-5634-438A-8740-C10B167A7723}.Profile|x86.ActiveCfg = Debug|Win32
		{7BEEAED5-5634-438A-8740-C10B167A7723}.Profile|x86.Build.0 = Debug|Win32
		{7BEEAED5-5634-438A-8740-C10B167A7723}.Release|x64.ActiveCfg = Release|x64
		{7BEEAED5-5634-438A-8740-C10B167A7723}.Release|x64.Build.0 = Release|x64
		{7BEEAED5-5634-438A-8740-C10B167A7723}.Release|x86.ActiveCfg = Release|Win32
		{7BEEAED5-5634-438A-8740-C10B167A7723}.Release|x86.Build.0 = Release|Win32
		{0D156AFD-42BF-4BF0-9787-9EBB6BF8E034}.Debug|x64.ActiveCfg = Debug|x64
		{0D156AFD-42BF-4BF0-9787-9EBB6BF8E034}.Debug|x64.Build.0 = Debug|x64
		{0D156AFD-42BF-4BF0-9787-9EBB6BF8E034}.Debug|x86.ActiveCfg = Debug|Win32
		{0D156AFD-42BF-4BF0-9787-9EBB6BF8E034}.Debug|x86.Build.0 = Debug|Win32
		{0D156AFD-42BF-4BF0-9787-9EBB6BF8E034}.Profile|x64.ActiveCfg = Debug|x64
		{0D156AFD-42BF-4BF0-9787-9EBB6BF8E034}.Profile|x64.Build.0 = Debug|x64
		{0D156AFD-42BF-4BF0-9787-9EBB6BF8E034}.Profile|x86.ActiveCfg = Debug|Win32
		{0D156AFD-42BF-4BF0-9787-9EBB6BF8E034}.Profile|x86.Build.0 = Debug|Win32
		{0D156AFD-42BF-4BF0-9787-9EBB6BF8E034}.Release|x64.ActiveCfg = Release|x64
		{0D156AFD-42BF-4BF0-9787-9EBB6BF8E034}.Release|x64.Build.0 = Release|x64
		{0D156AFD-42BF-4BF0-9787-9EBB6BF8E034}.Release|x86.ActiveCfg = Release|Win32
		{0D156AFD-42BF-4BF0-9787-9EBB6BF8E034}.Release|x86.Build.0 = Release|Win32
		{2E6E55DF-89AD-461D-8ACC-B73399320C31}.Debug|x64.ActiveCfg = Debug|x64
		{2E6E55DF-89AD-461D-8ACC-B73399320C31}.Debug|x64.Build.0 = Debug|x64
		{2E6E55DF-89AD-461D-8ACC-B73399320C31}.Debug|x86.ActiveCfg = Debug|Win32
		{2E6E55DF-89AD-461D-8ACC-B73399320C31}.Debug|x86.Build.0 = Debug|Win32
		{2E6E55DF-89AD-461D-8ACC-B73399320C31}.Profile|x64.ActiveCfg = Debug|x64
		{2E6E55DF-89AD-461D-8ACC-B73399320C31}.Profile|x64.Build.0 = Debug|x64
		{2E6E55DF-89AD-461D-8ACC-B73399320C31}.Profile|x86.ActiveCfg = Debug|Win32
		{2E6E55DF-89AD-461D-8ACC-B73399320C31}.Profile|x86.Build.0 = Debug|Win32
		{2E6E55DF-89AD-461D-8ACC-B73399320C31}.Release|x64.ActiveCfg = Release|x64
		{2E6E55DF-89AD-461D-8ACC-B73399320C31}.Release|x64.Build.0 = Release|x64
		{2E6E55DF-89AD-461D-8ACC-B73399320C31}.Release|x86.ActiveCfg = Release|Win32
		{2E6E55DF-89AD-461D-8ACC-B73399320C31}.Release|x86.Build.0 = Release|Win32
	EndGlobalSection
	GlobalSection(SolutionProperties) = preSolution
		HideSolutionNode = FALSE
	EndGlobalSection
	GlobalSection(ExtensibilityGlobals) = postSolution
		SolutionGuid = {40A70445-D4AF-40B4-ACE1-20F59B297A25}
	EndGlobalSection
EndGlobal
